
Microsoft Visual Studio Solution File, Format Version 12.00
# Visual Studio Version 17
VisualStudioVersion = 17.13.35913.81 d17.13
MinimumVisualStudioVersion = 10.0.40219.1
Project("{FAE04EC0-301F-11D3-BF4B-00C04F79EFBC}") = "Raphael.Gateway", "Raphael.Gateway.csproj", "{6BCDB6E7-A269-4C19-8491-61547FCC13AD}"
EndProject
Project("{FAE04EC0-301F-11D3-BF4B-00C04F79EFBC}") = "Raphael.UsersService", "..\Raphael.UsersService\Raphael.UsersService.csproj", "{D2417B52-C921-40C1-A230-A16D46348360}"
EndProject
Project("{FAE04EC0-301F-11D3-BF4B-00C04F79EFBC}") = "Raphael.TripsService", "..\Raphael.TripsService\Raphael.TripsService.csproj", "{24805583-8CBF-42CB-92D9-7E5C01F64C12}"
EndProject
Project("{FAE04EC0-301F-11D3-BF4B-00C04F79EFBC}") = "Raphael.Notifications", "..\Raphael.Notifications\Raphael.Notifications.csproj", "{2482C7E6-7946-4679-87A2-D77DAA1FA306}"
EndProject
Project("{FAE04EC0-301F-11D3-BF4B-00C04F79EFBC}") = "Raphael.GpsService", "..\Raphael.GpsService\Raphael.GpsService.csproj", "{A0F1B0A2-2B05-44DC-820E-43692F8715E4}"
EndProject
Project("{FAE04EC0-301F-11D3-BF4B-00C04F79EFBC}") = "Raphael.Shared", "..\Raphael.Shared\Raphael.Shared.csproj", "{D6909F31-2B26-4E89-9BB1-F09F43AE39F1}"
EndProject
Global
	GlobalSection(SolutionConfigurationPlatforms) = preSolution
		Debug|Any CPU = Debug|Any CPU
		Release|Any CPU = Release|Any CPU
	EndGlobalSection
	GlobalSection(ProjectConfigurationPlatforms) = postSolution
		{6BCDB6E7-A269-4C19-8491-61547FCC13AD}.Debug|Any CPU.ActiveCfg = Debug|Any CPU
		{6BCDB6E7-A269-4C19-8491-61547FCC13AD}.Debug|Any CPU.Build.0 = Debug|Any CPU
		{6BCDB6E7-A269-4C19-8491-61547FCC13AD}.Release|Any CPU.ActiveCfg = Release|Any CPU
		{6BCDB6E7-A269-4C19-8491-61547FCC13AD}.Release|Any CPU.Build.0 = Release|Any CPU
		{D2417B52-C921-40C1-A230-A16D46348360}.Debug|Any CPU.ActiveCfg = Debug|Any CPU
		{D2417B52-C921-40C1-A230-A16D46348360}.Debug|Any CPU.Build.0 = Debug|Any CPU
		{D2417B52-C921-40C1-A230-A16D46348360}.Release|Any CPU.ActiveCfg = Release|Any CPU
		{D2417B52-C921-40C1-A230-A16D46348360}.Release|Any CPU.Build.0 = Release|Any CPU
		{24805583-8CBF-42CB-92D9-7E5C01F64C12}.Debug|Any CPU.ActiveCfg = Debug|Any CPU
		{24805583-8CBF-42CB-92D9-7E5C01F64C12}.Debug|Any CPU.Build.0 = Debug|Any CPU
		{24805583-8CBF-42CB-92D9-7E5C01F64C12}.Release|Any CPU.ActiveCfg = Release|Any CPU
		{24805583-8CBF-42CB-92D9-7E5C01F64C12}.Release|Any CPU.Build.0 = Release|Any CPU
		{2482C7E6-7946-4679-87A2-D77DAA1FA306}.Debug|Any CPU.ActiveCfg = Debug|Any CPU
		{2482C7E6-7946-4679-87A2-D77DAA1FA306}.Debug|Any CPU.Build.0 = Debug|Any CPU
		{2482C7E6-7946-4679-87A2-D77DAA1FA306}.Release|Any CPU.ActiveCfg = Release|Any CPU
		{2482C7E6-7946-4679-87A2-D77DAA1FA306}.Release|Any CPU.Build.0 = Release|Any CPU
		{A0F1B0A2-2B05-44DC-820E-43692F8715E4}.Debug|Any CPU.ActiveCfg = Debug|Any CPU
		{A0F1B0A2-2B05-44DC-820E-43692F8715E4}.Debug|Any CPU.Build.0 = Debug|Any CPU
		{A0F1B0A2-2B05-44DC-820E-43692F8715E4}.Release|Any CPU.ActiveCfg = Release|Any CPU
		{A0F1B0A2-2B05-44DC-820E-43692F8715E4}.Release|Any CPU.Build.0 = Release|Any CPU
		{D6909F31-2B26-4E89-9BB1-F09F43AE39F1}.Debug|Any CPU.ActiveCfg = Debug|Any CPU
		{D6909F31-2B26-4E89-9BB1-F09F43AE39F1}.Debug|Any CPU.Build.0 = Debug|Any CPU
		{D6909F31-2B26-4E89-9BB1-F09F43AE39F1}.Release|Any CPU.ActiveCfg = Release|Any CPU
		{D6909F31-2B26-4E89-9BB1-F09F43AE39F1}.Release|Any CPU.Build.0 = Release|Any CPU
	EndGlobalSection
	GlobalSection(SolutionProperties) = preSolution
		HideSolutionNode = FALSE
	EndGlobalSection
	GlobalSection(ExtensibilityGlobals) = postSolution
		SolutionGuid = {13243B0C-A575-4EC7-BBCB-C76854AD11B6}
	EndGlobalSection
EndGlobal

